// !$*UTF8*$!
{
	archiveVersion = 1;
	classes = {
	};
	objectVersion = 46;
	objects = {

/* Begin PBXBuildFile section */
		D7FA39D51B16927900D43DA4 /* AppDelegate.swift in Sources */ = {isa = PBXBuildFile; fileRef = D7FA39D41B16927900D43DA4 /* AppDelegate.swift */; };
		D7FA39D71B16927900D43DA4 /* ViewController.swift in Sources */ = {isa = PBXBuildFile; fileRef = D7FA39D61B16927900D43DA4 /* ViewController.swift */; };
		D7FA39DA1B16927900D43DA4 /* Main.storyboard in Resources */ = {isa = PBXBuildFile; fileRef = D7FA39D81B16927900D43DA4 /* Main.storyboard */; };
		D7FA39DC1B16927900D43DA4 /* Images.xcassets in Resources */ = {isa = PBXBuildFile; fileRef = D7FA39DB1B16927900D43DA4 /* Images.xcassets */; };
		D7FA39DF1B16927900D43DA4 /* LaunchScreen.xib in Resources */ = {isa = PBXBuildFile; fileRef = D7FA39DD1B16927900D43DA4 /* LaunchScreen.xib */; };
		D7FA39EB1B16927900D43DA4 /* DoctorAppTests.swift in Sources */ = {isa = PBXBuildFile; fileRef = D7FA39EA1B16927900D43DA4 /* DoctorAppTests.swift */; };
		D7FA39F51B16A00900D43DA4 /* Case.swift in Sources */ = {isa = PBXBuildFile; fileRef = D7FA39F41B16A00900D43DA4 /* Case.swift */; };
/* End PBXBuildFile section */

/* Begin PBXContainerItemProxy section */
		D7FA39E51B16927900D43DA4 /* PBXContainerItemProxy */ = {
			isa = PBXContainerItemProxy;
			containerPortal = D7FA39C71B16927900D43DA4 /* Project object */;
			proxyType = 1;
			remoteGlobalIDString = D7FA39CE1B16927900D43DA4;
			remoteInfo = DoctorApp;
		};
/* End PBXContainerItemProxy section */

/* Begin PBXFileReference section */
		D7FA39CF1B16927900D43DA4 /* DoctorApp.app */ = {isa = PBXFileReference; explicitFileType = wrapper.application; includeInIndex = 0; path = DoctorApp.app; sourceTree = BUILT_PRODUCTS_DIR; };
		D7FA39D31B16927900D43DA4 /* Info.plist */ = {isa = PBXFileReference; lastKnownFileType = text.plist.xml; path = Info.plist; sourceTree = "<group>"; };
		D7FA39D41B16927900D43DA4 /* AppDelegate.swift */ = {isa = PBXFileReference; lastKnownFileType = sourcecode.swift; path = AppDelegate.swift; sourceTree = "<group>"; };
		D7FA39D61B16927900D43DA4 /* ViewController.swift */ = {isa = PBXFileReference; lastKnownFileType = sourcecode.swift; path = ViewController.swift; sourceTree = "<group>"; };
		D7FA39D91B16927900D43DA4 /* Base */ = {isa = PBXFileReference; lastKnownFileType = file.storyboard; name = Base; path = Base.lproj/Main.storyboard; sourceTree = "<group>"; };
		D7FA39DB1B16927900D43DA4 /* Images.xcassets */ = {isa = PBXFileReference; lastKnownFileType = folder.assetcatalog; path = Images.xcassets; sourceTree = "<group>"; };
		D7FA39DE1B16927900D43DA4 /* Base */ = {isa = PBXFileReference; lastKnownFileType = file.xib; name = Base; path = Base.lproj/LaunchScreen.xib; sourceTree = "<group>"; };
		D7FA39E41B16927900D43DA4 /* DoctorAppTests.xctest */ = {isa = PBXFileReference; explicitFileType = wrapper.cfbundle; includeInIndex = 0; path = DoctorAppTests.xctest; sourceTree = BUILT_PRODUCTS_DIR; };
		D7FA39E91B16927900D43DA4 /* Info.plist */ = {isa = PBXFileReference; lastKnownFileType = text.plist.xml; path = Info.plist; sourceTree = "<group>"; };
		D7FA39EA1B16927900D43DA4 /* DoctorAppTests.swift */ = {isa = PBXFileReference; lastKnownFileType = sourcecode.swift; path = DoctorAppTests.swift; sourceTree = "<group>"; };
		D7FA39F41B16A00900D43DA4 /* Case.swift */ = {isa = PBXFileReference; fileEncoding = 4; lastKnownFileType = sourcecode.swift; path = Case.swift; sourceTree = "<group>"; };
/* End PBXFileReference section */

/* Begin PBXFrameworksBuildPhase section */
		D7FA39CC1B16927900D43DA4 /* Frameworks */ = {
			isa = PBXFrameworksBuildPhase;
			buildActionMask = 2147483647;
			files = (
			);
			runOnlyForDeploymentPostprocessing = 0;
		};
		D7FA39E11B16927900D43DA4 /* Frameworks */ = {
			isa = PBXFrameworksBuildPhase;
			buildActionMask = 2147483647;
			files = (
			);
			runOnlyForDeploymentPostprocessing = 0;
		};
/* End PBXFrameworksBuildPhase section */

/* Begin PBXGroup section */
		D7FA39C61B16927900D43DA4 = {
			isa = PBXGroup;
			children = (
				D7FA39D11B16927900D43DA4 /* DoctorApp */,
				D7FA39E71B16927900D43DA4 /* DoctorAppTests */,
				D7FA39D01B16927900D43DA4 /* Products */,
			);
			sourceTree = "<group>";
		};
		D7FA39D01B16927900D43DA4 /* Products */ = {
			isa = PBXGroup;
			children = (
				D7FA39CF1B16927900D43DA4 /* DoctorApp.app */,
				D7FA39E41B16927900D43DA4 /* DoctorAppTests.xctest */,
			);
			name = Products;
			sourceTree = "<group>";
		};
		D7FA39D11B16927900D43DA4 /* DoctorApp */ = {
			isa = PBXGroup;
			children = (
				D7FA39D41B16927900D43DA4 /* AppDelegate.swift */,
				D7FA39D61B16927900D43DA4 /* ViewController.swift */,
				D7FA39D81B16927900D43DA4 /* Main.storyboard */,
				D7FA39DB1B16927900D43DA4 /* Images.xcassets */,
				D7FA39DD1B16927900D43DA4 /* LaunchScreen.xib */,
				D7FA39D21B16927900D43DA4 /* Supporting Files */,
				D7FA39F41B16A00900D43DA4 /* Case.swift */,
			);
			path = DoctorApp;
			sourceTree = "<group>";
		};
		D7FA39D21B16927900D43DA4 /* Supporting Files */ = {
			isa = PBXGroup;
			children = (
				D7FA39D31B16927900D43DA4 /* Info.plist */,
			);
			name = "Supporting Files";
			sourceTree = "<group>";
		};
		D7FA39E71B16927900D43DA4 /* DoctorAppTests */ = {
			isa = PBXGroup;
			children = (
				D7FA39EA1B16927900D43DA4 /* DoctorAppTests.swift */,
				D7FA39E81B16927900D43DA4 /* Supporting Files */,
			);
			path = DoctorAppTests;
			sourceTree = "<group>";
		};
		D7FA39E81B16927900D43DA4 /* Supporting Files */ = {
			isa = PBXGroup;
			children = (
				D7FA39E91B16927900D43DA4 /* Info.plist */,
			);
			name = "Supporting Files";
			sourceTree = "<group>";
		};
/* End PBXGroup section */

/* Begin PBXNativeTarget section */
		D7FA39CE1B16927900D43DA4 /* DoctorApp */ = {
			isa = PBXNativeTarget;
			buildConfigurationList = D7FA39EE1B16927900D43DA4 /* Build configuration list for PBXNativeTarget "DoctorApp" */;
			buildPhases = (
				D7FA39CB1B16927900D43DA4 /* Sources */,
				D7FA39CC1B16927900D43DA4 /* Frameworks */,
				D7FA39CD1B16927900D43DA4 /* Resources */,
			);
			buildRules = (
			);
			dependencies = (
			);
			name = DoctorApp;
			productName = DoctorApp;
			productReference = D7FA39CF1B16927900D43DA4 /* DoctorApp.app */;
			productType = "com.apple.product-type.application";
		};
		D7FA39E31B16927900D43DA4 /* DoctorAppTests */ = {
			isa = PBXNativeTarget;
			buildConfigurationList = D7FA39F11B16927900D43DA4 /* Build configuration list for PBXNativeTarget "DoctorAppTests" */;
			buildPhases = (
				D7FA39E01B16927900D43DA4 /* Sources */,
				D7FA39E11B16927900D43DA4 /* Frameworks */,
				D7FA39E21B16927900D43DA4 /* Resources */,
			);
			buildRules = (
			);
			dependencies = (
				D7FA39E61B16927900D43DA4 /* PBXTargetDependency */,
			);
			name = DoctorAppTests;
			productName = DoctorAppTests;
			productReference = D7FA39E41B16927900D43DA4 /* DoctorAppTests.xctest */;
			productType = "com.apple.product-type.bundle.unit-test";
		};
/* End PBXNativeTarget section */

/* Begin PBXProject section */
		D7FA39C71B16927900D43DA4 /* Project object */ = {
			isa = PBXProject;
			attributes = {
				LastUpgradeCheck = 0630;
				ORGANIZATIONNAME = DoctorApp;
				TargetAttributes = {
					D7FA39CE1B16927900D43DA4 = {
						CreatedOnToolsVersion = 6.3.1;
					};
					D7FA39E31B16927900D43DA4 = {
						CreatedOnToolsVersion = 6.3.1;
						TestTargetID = D7FA39CE1B16927900D43DA4;
					};
				};
			};
			buildConfigurationList = D7FA39CA1B16927900D43DA4 /* Build configuration list for PBXProject "DoctorApp" */;
			compatibilityVersion = "Xcode 3.2";
			developmentRegion = English;
			hasScannedForEncodings = 0;
			knownRegions = (
				en,
				Base,
			);
			mainGroup = D7FA39C61B16927900D43DA4;
			productRefGroup = D7FA39D01B16927900D43DA4 /* Products */;
			projectDirPath = "";
			projectRoot = "";
			targets = (
				D7FA39CE1B16927900D43DA4 /* DoctorApp */,
				D7FA39E31B16927900D43DA4 /* DoctorAppTests */,
			);
		};
/* End PBXProject section */

/* Begin PBXResourcesBuildPhase section */
		D7FA39CD1B16927900D43DA4 /* Resources */ = {
			isa = PBXResourcesBuildPhase;
			buildActionMask = 2147483647;
			files = (
				D7FA39DA1B16927900D43DA4 /* Main.storyboard in Resources */,
				D7FA39DF1B16927900D43DA4 /* LaunchScreen.xib in Resources */,
				D7FA39DC1B16927900D43DA4 /* Images.xcassets in Resources */,
			);
			runOnlyForDeploymentPostprocessing = 0;
		};
		D7FA39E21B16927900D43DA4 /* Resources */ = {
			isa = PBXResourcesBuildPhase;
			buildActionMask = 2147483647;
			files = (
			);
			runOnlyForDeploymentPostprocessing = 0;
		};
/* End PBXResourcesBuildPhase section */

/* Begin PBXSourcesBuildPhase section */
		D7FA39CB1B16927900D43DA4 /* Sources */ = {
			isa = PBXSourcesBuildPhase;
			buildActionMask = 2147483647;
			files = (
				D7FA39D71B16927900D43DA4 /* ViewController.swift in Sources */,
				D7FA39F51B16A00900D43DA4 /* Case.swift in Sources */,
				D7FA39D51B16927900D43DA4 /* AppDelegate.swift in Sources */,
			);
			runOnlyForDeploymentPostprocessing = 0;
		};
		D7FA39E01B16927900D43DA4 /* Sources */ = {
			isa = PBXSourcesBuildPhase;
			buildActionMask = 2147483647;
			files = (
				D7FA39EB1B16927900D43DA4 /* DoctorAppTests.swift in Sources */,
			);
			runOnlyForDeploymentPostprocessing = 0;
		};
/* End PBXSourcesBuildPhase section */

/* Begin PBXTargetDependency section */
		D7FA39E61B16927900D43DA4 /* PBXTargetDependency */ = {
			isa = PBXTargetDependency;
			target = D7FA39CE1B16927900D43DA4 /* DoctorApp */;
			targetProxy = D7FA39E51B16927900D43DA4 /* PBXContainerItemProxy */;
		};
/* End PBXTargetDependency section */

/* Begin PBXVariantGroup section */
		D7FA39D81B16927900D43DA4 /* Main.storyboard */ = {
			isa = PBXVariantGroup;
			children = (
				D7FA39D91B16927900D43DA4 /* Base */,
			);
			name = Main.storyboard;
			sourceTree = "<group>";
		};
		D7FA39DD1B16927900D43DA4 /* LaunchScreen.xib */ = {
			isa = PBXVariantGroup;
			children = (
				D7FA39DE1B16927900D43DA4 /* Base */,
			);
			name = LaunchScreen.xib;
			sourceTree = "<group>";
		};
/* End PBXVariantGroup section */

/* Begin XCBuildConfiguration section */
		D7FA39EC1B16927900D43DA4 /* Debug */ = {
			isa = XCBuildConfiguration;
			buildSettings = {
				ALWAYS_SEARCH_USER_PATHS = NO;
				CLANG_CXX_LANGUAGE_STANDARD = "gnu++0x";
				CLANG_CXX_LIBRARY = "libc++";
				CLANG_ENABLE_MODULES = YES;
				CLANG_ENABLE_OBJC_ARC = YES;
				CLANG_WARN_BOOL_CONVERSION = YES;
				CLANG_WARN_CONSTANT_CONVERSION = YES;
				CLANG_WARN_DIRECT_OBJC_ISA_USAGE = YES_ERROR;
				CLANG_WARN_EMPTY_BODY = YES;
				CLANG_WARN_ENUM_CONVERSION = YES;
				CLANG_WARN_INT_CONVERSION = YES;
				CLANG_WARN_OBJC_ROOT_CLASS = YES_ERROR;
				CLANG_WARN_UNREACHABLE_CODE = YES;
				CLANG_WARN__DUPLICATE_METHOD_MATCH = YES;
				"CODE_SIGN_IDENTITY[sdk=iphoneos*]" = "iPhone Developer";
				COPY_PHASE_STRIP = NO;
				DEBUG_INFORMATION_FORMAT = "dwarf-with-dsym";
				ENABLE_STRICT_OBJC_MSGSEND = YES;
				GCC_C_LANGUAGE_STANDARD = gnu99;
				GCC_DYNAMIC_NO_PIC = NO;
				GCC_NO_COMMON_BLOCKS = YES;
				GCC_OPTIMIZATION_LEVEL = 0;
				GCC_PREPROCESSOR_DEFINITIONS = (
					"DEBUG=1",
					"$(inherited)",
				);
				GCC_SYMBOLS_PRIVATE_EXTERN = NO;
				GCC_WARN_64_TO_32_BIT_CONVERSION = YES;
				GCC_WARN_ABOUT_RETURN_TYPE = YES_ERROR;
				GCC_WARN_UNDECLARED_SELECTOR = YES;
				GCC_WARN_UNINITIALIZED_AUTOS = YES_AGGRESSIVE;
				GCC_WARN_UNUSED_FUNCTION = YES;
				GCC_WARN_UNUSED_VARIABLE = YES;
				IPHONEOS_DEPLOYMENT_TARGET = 8.3;
				MTL_ENABLE_DEBUG_INFO = YES;
				ONLY_ACTIVE_ARCH = YES;
				SDKROOT = iphoneos;
				SWIFT_OPTIMIZATION_LEVEL = "-Onone";
				TARGETED_DEVICE_FAMILY = "1,2";
			};
			name = Debug;
		};
		D7FA39ED1B16927900D43DA4 /* Release */ = {
			isa = XCBuildConfiguration;
			buildSettings = {
				ALWAYS_SEARCH_USER_PATHS = NO;
				CLANG_CXX_LANGUAGE_STANDARD = "gnu++0x";
				CLANG_CXX_LIBRARY = "libc++";
				CLANG_ENABLE_MODULES = YES;
				CLANG_ENABLE_OBJC_ARC = YES;
				CLANG_WARN_BOOL_CONVERSION = YES;
				CLANG_WARN_CONSTANT_CONVERSION = YES;
				CLANG_WARN_DIRECT_OBJC_ISA_USAGE = YES_ERROR;
				CLANG_WARN_EMPTY_BODY = YES;
				CLANG_WARN_ENUM_CONVERSION = YES;
				CLANG_WARN_INT_CONVERSION = YES;
				CLANG_WARN_OBJC_ROOT_CLASS = YES_ERROR;
				CLANG_WARN_UNREACHABLE_CODE = YES;
				CLANG_WARN__DUPLICATE_METHOD_MATCH = YES;
				"CODE_SIGN_IDENTITY[sdk=iphoneos*]" = "iPhone Developer";
				COPY_PHASE_STRIP = NO;
				DEBUG_INFORMATION_FORMAT = "dwarf-with-dsym";
				ENABLE_NS_ASSERTIONS = NO;
				ENABLE_STRICT_OBJC_MSGSEND = YES;
				GCC_C_LANGUAGE_STANDARD = gnu99;
				GCC_NO_COMMON_BLOCKS = YES;
				GCC_WARN_64_TO_32_BIT_CONVERSION = YES;
				GCC_WARN_ABOUT_RETURN_TYPE = YES_ERROR;
				GCC_WARN_UNDECLARED_SELECTOR = YES;
				GCC_WARN_UNINITIALIZED_AUTOS = YES_AGGRESSIVE;
				GCC_WARN_UNUSED_FUNCTION = YES;
				GCC_WARN_UNUSED_VARIABLE = YES;
				IPHONEOS_DEPLOYMENT_TARGET = 8.3;
				MTL_ENABLE_DEBUG_INFO = NO;
				SDKROOT = iphoneos;
				TARGETED_DEVICE_FAMILY = "1,2";
				VALIDATE_PRODUCT = YES;
			};
			name = Release;
		};
		D7FA39EF1B16927900D43DA4 /* Debug */ = {
			isa = XCBuildConfiguration;
			buildSettings = {
				ASSETCATALOG_COMPILER_APPICON_NAME = AppIcon;
				INFOPLIST_FILE = DoctorApp/Info.plist;
				LD_RUNPATH_SEARCH_PATHS = "$(inherited) @executable_path/Frameworks";
				PRODUCT_NAME = "$(TARGET_NAME)";
			};
			name = Debug;
		};
		D7FA39F01B16927900D43DA4 /* Release */ = {
			isa = XCBuildConfiguration;
			buildSettings = {
				ASSETCATALOG_COMPILER_APPICON_NAME = AppIcon;
				INFOPLIST_FILE = DoctorApp/Info.plist;
				LD_RUNPATH_SEARCH_PATHS = "$(inherited) @executable_path/Frameworks";
				PRODUCT_NAME = "$(TARGET_NAME)";
			};
			name = Release;
		};
		D7FA39F21B16927900D43DA4 /* Debug */ = {
			isa = XCBuildConfiguration;
			buildSettings = {
				BUNDLE_LOADER = "$(TEST_HOST)";
				FRAMEWORK_SEARCH_PATHS = (
					"$(SDKROOT)/Developer/Library/Frameworks",
					"$(inherited)",
				);
				GCC_PREPROCESSOR_DEFINITIONS = (
					"DEBUG=1",
					"$(inherited)",
				);
				INFOPLIST_FILE = DoctorAppTests/Info.plist;
				LD_RUNPATH_SEARCH_PATHS = "$(inherited) @executable_path/Frameworks @loader_path/Frameworks";
				PRODUCT_NAME = "$(TARGET_NAME)";
				TEST_HOST = "$(BUILT_PRODUCTS_DIR)/DoctorApp.app/DoctorApp";
			};
			name = Debug;
		};
		D7FA39F31B16927900D43DA4 /* Release */ = {
			isa = XCBuildConfiguration;
			buildSettings = {
				BUNDLE_LOADER = "$(TEST_HOST)";
				FRAMEWORK_SEARCH_PATHS = (
					"$(SDKROOT)/Developer/Library/Frameworks",
					"$(inherited)",
				);
				INFOPLIST_FILE = DoctorAppTests/Info.plist;
				LD_RUNPATH_SEARCH_PATHS = "$(inherited) @executable_path/Frameworks @loader_path/Frameworks";
				PRODUCT_NAME = "$(TARGET_NAME)";
				TEST_HOST = "$(BUILT_PRODUCTS_DIR)/DoctorApp.app/DoctorApp";
			};
			name = Release;
		};
/* End XCBuildConfiguration section */

/* Begin XCConfigurationList section */
		D7FA39CA1B16927900D43DA4 /* Build configuration list for PBXProject "DoctorApp" */ = {
			isa = XCConfigurationList;
			buildConfigurations = (
				D7FA39EC1B16927900D43DA4 /* Debug */,
				D7FA39ED1B16927900D43DA4 /* Release */,
			);
			defaultConfigurationIsVisible = 0;
			defaultConfigurationName = Release;
		};
		D7FA39EE1B16927900D43DA4 /* Build configuration list for PBXNativeTarget "DoctorApp" */ = {
			isa = XCConfigurationList;
			buildConfigurations = (
				D7FA39EF1B16927900D43DA4 /* Debug */,
				D7FA39F01B16927900D43DA4 /* Release */,
			);
			defaultConfigurationIsVisible = 0;
			defaultConfigurationName = Release;
		};
		D7FA39F11B16927900D43DA4 /* Build configuration list for PBXNativeTarget "DoctorAppTests" */ = {
			isa = XCConfigurationList;
			buildConfigurations = (
				D7FA39F21B16927900D43DA4 /* Debug */,
				D7FA39F31B16927900D43DA4 /* Release */,
			);
			defaultConfigurationIsVisible = 0;
			defaultConfigurationName = Release;
		};
/* End XCConfigurationList section */
	};
	rootObject = D7FA39C71B16927900D43DA4 /* Project object */;
}
